# This file is automatically @generated by Cargo.
# It is not intended for manual editing.
version = 4

[[package]]
name = "bank-payload"
version = "0.1.0"
dependencies = [
 "offline-core",
]

[[package]]
name = "offline-core"
version = "0.1.0"

[[package]]
name = "patch-builder"
version = "0.1.0"

[[package]]
name = "transporter-payload"
version = "0.1.0"
dependencies = [
 "offline-core",
]
